
Microsoft Visual Studio Solution File, Format Version 12.00
# Visual Studio Version 17
VisualStudioVersion = 17.13.35828.75
MinimumVisualStudioVersion = 10.0.40219.1
Project("{FAE04EC0-301F-11D3-BF4B-00C04F79EFBC}") = "Exer 01", "Exer 01\Exer 01.csproj", "{3EB4D713-E30B-4DE9-8DAC-7D0AC72E8D67}"
EndProject
Project("{FAE04EC0-301F-11D3-BF4B-00C04F79EFBC}") = "Exer 02", "Exer 2\Exer 02.csproj", "{46B36230-06B0-4D52-9E3B-F796914A2F34}"
EndProject
Project("{FAE04EC0-301F-11D3-BF4B-00C04F79EFBC}") = "Exer 03", "Exer 03\Exer 03.csproj", "{A32F1770-ADE6-47CA-B19A-674B3561A4CE}"
EndProject
Project("{FAE04EC0-301F-11D3-BF4B-00C04F79EFBC}") = "Exer 04", "Exer 04\Exer 04.csproj", "{F506587A-B6DF-40D4-A8ED-A555022BE614}"
EndProject
Project("{FAE04EC0-301F-11D3-BF4B-00C04F79EFBC}") = "Exer 05", "Exer 05\Exer 05.csproj", "{D596A5BD-A5CE-4E1B-82FD-3C6272071A39}"
EndProject
Project("{FAE04EC0-301F-11D3-BF4B-00C04F79EFBC}") = "Exer 06", "Exer 06\Exer 06.csproj", "{9BFD13D5-9033-4585-AF32-7A2ECD2BE8C3}"
EndProject
Project("{FAE04EC0-301F-11D3-BF4B-00C04F79EFBC}") = "Exer 07", "Exer 07\Exer 07.csproj", "{53B9FDDF-8869-40E3-899B-EFCFCFCBC8A3}"
EndProject
Project("{FAE04EC0-301F-11D3-BF4B-00C04F79EFBC}") = "Exer 08", "Exer 08\Exer 08.csproj", "{D173CB2D-B610-4618-B378-4AFDBE289B01}"
EndProject
Project("{FAE04EC0-301F-11D3-BF4B-00C04F79EFBC}") = "Exer 09", "Exer 09\Exer 09.csproj", "{52EFCCDA-6570-455C-B27E-DA9BC33A8121}"
EndProject
Project("{FAE04EC0-301F-11D3-BF4B-00C04F79EFBC}") = "Exer 10", "Exer 10\Exer 10.csproj", "{649139C5-1D6E-44AF-847D-20AA2CEEE02B}"
EndProject
Project("{FAE04EC0-301F-11D3-BF4B-00C04F79EFBC}") = "Exer 11", "Exer 11\Exer 11.csproj", "{3FEA5AF1-4F9F-4904-9C34-FA0335EF36E3}"
EndProject
Project("{FAE04EC0-301F-11D3-BF4B-00C04F79EFBC}") = "Exer 12", "Exer 12\Exer 12.csproj", "{AA4B9E28-869C-4F02-8986-C03B705386B7}"
EndProject
Project("{FAE04EC0-301F-11D3-BF4B-00C04F79EFBC}") = "Exer 13", "Exer 13\Exer 13.csproj", "{847D6F1C-4476-48B9-B4DF-5E8B876A726C}"
EndProject
Project("{FAE04EC0-301F-11D3-BF4B-00C04F79EFBC}") = "Exer 14", "Exer 14\Exer 14.csproj", "{A97B72E9-9974-423E-ABCE-47035F69C391}"
EndProject
Project("{FAE04EC0-301F-11D3-BF4B-00C04F79EFBC}") = "Exer 15", "Exer 15\Exer 15.csproj", "{398D0446-B275-4B64-96DE-D9690B44D1B7}"
EndProject
Project("{FAE04EC0-301F-11D3-BF4B-00C04F79EFBC}") = "Exer 16", "Exer 16\Exer 16.csproj", "{F778B09E-8143-4B2D-87A4-C39160E3EFFC}"
EndProject
Project("{FAE04EC0-301F-11D3-BF4B-00C04F79EFBC}") = "Exer 17", "Exer 17\Exer 17.csproj", "{CC3C1296-EFDD-4074-B73B-007CD1358AD9}"
EndProject
Project("{FAE04EC0-301F-11D3-BF4B-00C04F79EFBC}") = "Exer 18", "18\Exer 18.csproj", "{923BB859-34F2-4EBB-A587-EF83829203AC}"
EndProject
Project("{FAE04EC0-301F-11D3-BF4B-00C04F79EFBC}") = "Exer 19", "Exer 19\Exer 19.csproj", "{D1CADF56-7B4D-4966-8E91-789DE4A995AC}"
EndProject
Project("{FAE04EC0-301F-11D3-BF4B-00C04F79EFBC}") = "Exer 20", "Exer 20\Exer 20.csproj", "{45E2FC5B-22E8-403A-90B5-8C143BF19D6E}"
EndProject
Project("{FAE04EC0-301F-11D3-BF4B-00C04F79EFBC}") = "Exer 21", "Exer 21\Exer 21.csproj", "{A7CC634E-15E7-40B4-B001-CE672167F698}"
EndProject
Project("{FAE04EC0-301F-11D3-BF4B-00C04F79EFBC}") = "Exer 22", "Exer 22\Exer 22.csproj", "{6DF705EC-5201-49D8-B787-991272E6F094}"
EndProject
Project("{FAE04EC0-301F-11D3-BF4B-00C04F79EFBC}") = "Exer 23", "Exer 23\Exer 23.csproj", "{883757E0-F8EC-447A-9A33-25CA75FAF048}"
EndProject
Project("{FAE04EC0-301F-11D3-BF4B-00C04F79EFBC}") = "Exer 24", "Exer 24\Exer 24.csproj", "{144699EC-D1BB-458D-BF3C-071790ABE6D9}"
EndProject
Project("{FAE04EC0-301F-11D3-BF4B-00C04F79EFBC}") = "Exer 25", "Exer 25\Exer 25.csproj", "{2812D6E5-2391-4759-8F07-99A9D658CE55}"
EndProject
Project("{FAE04EC0-301F-11D3-BF4B-00C04F79EFBC}") = "Exer 26", "Exer 26\Exer 26.csproj", "{13E535BC-FEF2-4BB6-BD04-4563973CF9B1}"
EndProject
Project("{FAE04EC0-301F-11D3-BF4B-00C04F79EFBC}") = "Exer 27", "Exer 27\Exer 27.csproj", "{6975504C-F2E5-475B-B7AA-508D05A01584}"
EndProject
Project("{FAE04EC0-301F-11D3-BF4B-00C04F79EFBC}") = "Exer 28", "Exer 28\Exer 28.csproj", "{9DEE60E5-7546-449A-8228-346ED3A3B14B}"
EndProject
Project("{FAE04EC0-301F-11D3-BF4B-00C04F79EFBC}") = "Exer 29", "Exer 29\Exer 29.csproj", "{438FA6BE-B86B-4E4F-9857-CE1992FEE47A}"
EndProject
Project("{FAE04EC0-301F-11D3-BF4B-00C04F79EFBC}") = "Exer  30", "Exer  30\Exer  30.csproj", "{45B16A1A-523D-4691-9F91-5BB1E1D5F7C7}"
EndProject
Project("{FAE04EC0-301F-11D3-BF4B-00C04F79EFBC}") = "Exer 31", "Exer 31\Exer 31.csproj", "{79BEC32E-47F0-4CE8-B282-3D9CBDFCE5ED}"
EndProject
Project("{FAE04EC0-301F-11D3-BF4B-00C04F79EFBC}") = "Exer 32", "Exer 32\Exer 32.csproj", "{85FE736F-5FDB-47F3-B7DF-4FD66723534A}"
EndProject
Project("{FAE04EC0-301F-11D3-BF4B-00C04F79EFBC}") = "Exer 33", "Exer 33\Exer 33.csproj", "{8CE3393C-774C-4CFE-84D4-0BDFD8551668}"
EndProject
Project("{FAE04EC0-301F-11D3-BF4B-00C04F79EFBC}") = "Exer 34", "Exer 34\Exer 34.csproj", "{765883E2-E55E-4916-9F3E-914E2AFE12D0}"
EndProject
Project("{FAE04EC0-301F-11D3-BF4B-00C04F79EFBC}") = "Exer 35", "Exer 35\Exer 35.csproj", "{A693CF56-1D3C-4746-8C1C-0E188A429C27}"
EndProject
Project("{FAE04EC0-301F-11D3-BF4B-00C04F79EFBC}") = "Exer 36", "Exer 36\Exer 36.csproj", "{85BE9FBD-BEC7-45E6-A19E-7B5A6B1041B6}"
EndProject
Project("{FAE04EC0-301F-11D3-BF4B-00C04F79EFBC}") = "Exer 37", "Exer 37\Exer 37.csproj", "{A7065040-CCFA-470D-B345-639C19E76427}"
EndProject
Project("{FAE04EC0-301F-11D3-BF4B-00C04F79EFBC}") = "Exer 38", "Exer 38\Exer 38.csproj", "{6623DAC0-6E2F-4022-BD65-1712C09EED20}"
EndProject
Project("{FAE04EC0-301F-11D3-BF4B-00C04F79EFBC}") = "Exer 39", "Exer 39\Exer 39.csproj", "{427AB5F7-D44C-4C06-AA28-F4751008B227}"
EndProject
Project("{FAE04EC0-301F-11D3-BF4B-00C04F79EFBC}") = "Exer 40", "Exer 40\Exer 40.csproj", "{A3FCC207-2EE4-40E3-8D61-D3E67F64F72D}"
EndProject
Project("{FAE04EC0-301F-11D3-BF4B-00C04F79EFBC}") = "Exer 41", "Exer 41\Exer 41.csproj", "{9DDBF319-DBED-412B-9C1B-1A6956BB7F3C}"
EndProject
Global
	GlobalSection(SolutionConfigurationPlatforms) = preSolution
		Debug|Any CPU = Debug|Any CPU
		Release|Any CPU = Release|Any CPU
	EndGlobalSection
	GlobalSection(ProjectConfigurationPlatforms) = postSolution
		{3EB4D713-E30B-4DE9-8DAC-7D0AC72E8D67}.Debug|Any CPU.ActiveCfg = Debug|Any CPU
		{3EB4D713-E30B-4DE9-8DAC-7D0AC72E8D67}.Debug|Any CPU.Build.0 = Debug|Any CPU
		{3EB4D713-E30B-4DE9-8DAC-7D0AC72E8D67}.Release|Any CPU.ActiveCfg = Release|Any CPU
		{3EB4D713-E30B-4DE9-8DAC-7D0AC72E8D67}.Release|Any CPU.Build.0 = Release|Any CPU
		{46B36230-06B0-4D52-9E3B-F796914A2F34}.Debug|Any CPU.ActiveCfg = Debug|Any CPU
		{46B36230-06B0-4D52-9E3B-F796914A2F34}.Debug|Any CPU.Build.0 = Debug|Any CPU
		{46B36230-06B0-4D52-9E3B-F796914A2F34}.Release|Any CPU.ActiveCfg = Release|Any CPU
		{46B36230-06B0-4D52-9E3B-F796914A2F34}.Release|Any CPU.Build.0 = Release|Any CPU
		{A32F1770-ADE6-47CA-B19A-674B3561A4CE}.Debug|Any CPU.ActiveCfg = Debug|Any CPU
		{A32F1770-ADE6-47CA-B19A-674B3561A4CE}.Debug|Any CPU.Build.0 = Debug|Any CPU
		{A32F1770-ADE6-47CA-B19A-674B3561A4CE}.Release|Any CPU.ActiveCfg = Release|Any CPU
		{A32F1770-ADE6-47CA-B19A-674B3561A4CE}.Release|Any CPU.Build.0 = Release|Any CPU
		{F506587A-B6DF-40D4-A8ED-A555022BE614}.Debug|Any CPU.ActiveCfg = Debug|Any CPU
		{F506587A-B6DF-40D4-A8ED-A555022BE614}.Debug|Any CPU.Build.0 = Debug|Any CPU
		{F506587A-B6DF-40D4-A8ED-A555022BE614}.Release|Any CPU.ActiveCfg = Release|Any CPU
		{F506587A-B6DF-40D4-A8ED-A555022BE614}.Release|Any CPU.Build.0 = Release|Any CPU
		{D596A5BD-A5CE-4E1B-82FD-3C6272071A39}.Debug|Any CPU.ActiveCfg = Debug|Any CPU
		{D596A5BD-A5CE-4E1B-82FD-3C6272071A39}.Debug|Any CPU.Build.0 = Debug|Any CPU
		{D596A5BD-A5CE-4E1B-82FD-3C6272071A39}.Release|Any CPU.ActiveCfg = Release|Any CPU
		{D596A5BD-A5CE-4E1B-82FD-3C6272071A39}.Release|Any CPU.Build.0 = Release|Any CPU
		{9BFD13D5-9033-4585-AF32-7A2ECD2BE8C3}.Debug|Any CPU.ActiveCfg = Debug|Any CPU
		{9BFD13D5-9033-4585-AF32-7A2ECD2BE8C3}.Debug|Any CPU.Build.0 = Debug|Any CPU
		{9BFD13D5-9033-4585-AF32-7A2ECD2BE8C3}.Release|Any CPU.ActiveCfg = Release|Any CPU
		{9BFD13D5-9033-4585-AF32-7A2ECD2BE8C3}.Release|Any CPU.Build.0 = Release|Any CPU
		{53B9FDDF-8869-40E3-899B-EFCFCFCBC8A3}.Debug|Any CPU.ActiveCfg = Debug|Any CPU
		{53B9FDDF-8869-40E3-899B-EFCFCFCBC8A3}.Debug|Any CPU.Build.0 = Debug|Any CPU
		{53B9FDDF-8869-40E3-899B-EFCFCFCBC8A3}.Release|Any CPU.ActiveCfg = Release|Any CPU
		{53B9FDDF-8869-40E3-899B-EFCFCFCBC8A3}.Release|Any CPU.Build.0 = Release|Any CPU
		{D173CB2D-B610-4618-B378-4AFDBE289B01}.Debug|Any CPU.ActiveCfg = Debug|Any CPU
		{D173CB2D-B610-4618-B378-4AFDBE289B01}.Debug|Any CPU.Build.0 = Debug|Any CPU
		{D173CB2D-B610-4618-B378-4AFDBE289B01}.Release|Any CPU.ActiveCfg = Release|Any CPU
		{D173CB2D-B610-4618-B378-4AFDBE289B01}.Release|Any CPU.Build.0 = Release|Any CPU
		{52EFCCDA-6570-455C-B27E-DA9BC33A8121}.Debug|Any CPU.ActiveCfg = Debug|Any CPU
		{52EFCCDA-6570-455C-B27E-DA9BC33A8121}.Debug|Any CPU.Build.0 = Debug|Any CPU
		{52EFCCDA-6570-455C-B27E-DA9BC33A8121}.Release|Any CPU.ActiveCfg = Release|Any CPU
		{52EFCCDA-6570-455C-B27E-DA9BC33A8121}.Release|Any CPU.Build.0 = Release|Any CPU
		{649139C5-1D6E-44AF-847D-20AA2CEEE02B}.Debug|Any CPU.ActiveCfg = Debug|Any CPU
		{649139C5-1D6E-44AF-847D-20AA2CEEE02B}.Debug|Any CPU.Build.0 = Debug|Any CPU
		{649139C5-1D6E-44AF-847D-20AA2CEEE02B}.Release|Any CPU.ActiveCfg = Release|Any CPU
		{649139C5-1D6E-44AF-847D-20AA2CEEE02B}.Release|Any CPU.Build.0 = Release|Any CPU
		{3FEA5AF1-4F9F-4904-9C34-FA0335EF36E3}.Debug|Any CPU.ActiveCfg = Debug|Any CPU
		{3FEA5AF1-4F9F-4904-9C34-FA0335EF36E3}.Debug|Any CPU.Build.0 = Debug|Any CPU
		{3FEA5AF1-4F9F-4904-9C34-FA0335EF36E3}.Release|Any CPU.ActiveCfg = Release|Any CPU
		{3FEA5AF1-4F9F-4904-9C34-FA0335EF36E3}.Release|Any CPU.Build.0 = Release|Any CPU
		{AA4B9E28-869C-4F02-8986-C03B705386B7}.Debug|Any CPU.ActiveCfg = Debug|Any CPU
		{AA4B9E28-869C-4F02-8986-C03B705386B7}.Debug|Any CPU.Build.0 = Debug|Any CPU
		{AA4B9E28-869C-4F02-8986-C03B705386B7}.Release|Any CPU.ActiveCfg = Release|Any CPU
		{AA4B9E28-869C-4F02-8986-C03B705386B7}.Release|Any CPU.Build.0 = Release|Any CPU
		{847D6F1C-4476-48B9-B4DF-5E8B876A726C}.Debug|Any CPU.ActiveCfg = Debug|Any CPU
		{847D6F1C-4476-48B9-B4DF-5E8B876A726C}.Debug|Any CPU.Build.0 = Debug|Any CPU
		{847D6F1C-4476-48B9-B4DF-5E8B876A726C}.Release|Any CPU.ActiveCfg = Release|Any CPU
		{847D6F1C-4476-48B9-B4DF-5E8B876A726C}.Release|Any CPU.Build.0 = Release|Any CPU
		{A97B72E9-9974-423E-ABCE-47035F69C391}.Debug|Any CPU.ActiveCfg = Debug|Any CPU
		{A97B72E9-9974-423E-ABCE-47035F69C391}.Debug|Any CPU.Build.0 = Debug|Any CPU
		{A97B72E9-9974-423E-ABCE-47035F69C391}.Release|Any CPU.ActiveCfg = Release|Any CPU
		{A97B72E9-9974-423E-ABCE-47035F69C391}.Release|Any CPU.Build.0 = Release|Any CPU
		{398D0446-B275-4B64-96DE-D9690B44D1B7}.Debug|Any CPU.ActiveCfg = Debug|Any CPU
		{398D0446-B275-4B64-96DE-D9690B44D1B7}.Debug|Any CPU.Build.0 = Debug|Any CPU
		{398D0446-B275-4B64-96DE-D9690B44D1B7}.Release|Any CPU.ActiveCfg = Release|Any CPU
		{398D0446-B275-4B64-96DE-D9690B44D1B7}.Release|Any CPU.Build.0 = Release|Any CPU
		{F778B09E-8143-4B2D-87A4-C39160E3EFFC}.Debug|Any CPU.ActiveCfg = Debug|Any CPU
		{F778B09E-8143-4B2D-87A4-C39160E3EFFC}.Debug|Any CPU.Build.0 = Debug|Any CPU
		{F778B09E-8143-4B2D-87A4-C39160E3EFFC}.Release|Any CPU.ActiveCfg = Release|Any CPU
		{F778B09E-8143-4B2D-87A4-C39160E3EFFC}.Release|Any CPU.Build.0 = Release|Any CPU
		{CC3C1296-EFDD-4074-B73B-007CD1358AD9}.Debug|Any CPU.ActiveCfg = Debug|Any CPU
		{CC3C1296-EFDD-4074-B73B-007CD1358AD9}.Debug|Any CPU.Build.0 = Debug|Any CPU
		{CC3C1296-EFDD-4074-B73B-007CD1358AD9}.Release|Any CPU.ActiveCfg = Release|Any CPU
		{CC3C1296-EFDD-4074-B73B-007CD1358AD9}.Release|Any CPU.Build.0 = Release|Any CPU
		{923BB859-34F2-4EBB-A587-EF83829203AC}.Debug|Any CPU.ActiveCfg = Debug|Any CPU
		{923BB859-34F2-4EBB-A587-EF83829203AC}.Debug|Any CPU.Build.0 = Debug|Any CPU
		{923BB859-34F2-4EBB-A587-EF83829203AC}.Release|Any CPU.ActiveCfg = Release|Any CPU
		{923BB859-34F2-4EBB-A587-EF83829203AC}.Release|Any CPU.Build.0 = Release|Any CPU
		{D1CADF56-7B4D-4966-8E91-789DE4A995AC}.Debug|Any CPU.ActiveCfg = Debug|Any CPU
		{D1CADF56-7B4D-4966-8E91-789DE4A995AC}.Debug|Any CPU.Build.0 = Debug|Any CPU
		{D1CADF56-7B4D-4966-8E91-789DE4A995AC}.Release|Any CPU.ActiveCfg = Release|Any CPU
		{D1CADF56-7B4D-4966-8E91-789DE4A995AC}.Release|Any CPU.Build.0 = Release|Any CPU
		{45E2FC5B-22E8-403A-90B5-8C143BF19D6E}.Debug|Any CPU.ActiveCfg = Debug|Any CPU
		{45E2FC5B-22E8-403A-90B5-8C143BF19D6E}.Debug|Any CPU.Build.0 = Debug|Any CPU
		{45E2FC5B-22E8-403A-90B5-8C143BF19D6E}.Release|Any CPU.ActiveCfg = Release|Any CPU
		{45E2FC5B-22E8-403A-90B5-8C143BF19D6E}.Release|Any CPU.Build.0 = Release|Any CPU
		{A7CC634E-15E7-40B4-B001-CE672167F698}.Debug|Any CPU.ActiveCfg = Debug|Any CPU
		{A7CC634E-15E7-40B4-B001-CE672167F698}.Debug|Any CPU.Build.0 = Debug|Any CPU
		{A7CC634E-15E7-40B4-B001-CE672167F698}.Release|Any CPU.ActiveCfg = Release|Any CPU
		{A7CC634E-15E7-40B4-B001-CE672167F698}.Release|Any CPU.Build.0 = Release|Any CPU
		{6DF705EC-5201-49D8-B787-991272E6F094}.Debug|Any CPU.ActiveCfg = Debug|Any CPU
		{6DF705EC-5201-49D8-B787-991272E6F094}.Debug|Any CPU.Build.0 = Debug|Any CPU
		{6DF705EC-5201-49D8-B787-991272E6F094}.Release|Any CPU.ActiveCfg = Release|Any CPU
		{6DF705EC-5201-49D8-B787-991272E6F094}.Release|Any CPU.Build.0 = Release|Any CPU
		{883757E0-F8EC-447A-9A33-25CA75FAF048}.Debug|Any CPU.ActiveCfg = Debug|Any CPU
		{883757E0-F8EC-447A-9A33-25CA75FAF048}.Debug|Any CPU.Build.0 = Debug|Any CPU
		{883757E0-F8EC-447A-9A33-25CA75FAF048}.Release|Any CPU.ActiveCfg = Release|Any CPU
		{883757E0-F8EC-447A-9A33-25CA75FAF048}.Release|Any CPU.Build.0 = Release|Any CPU
		{144699EC-D1BB-458D-BF3C-071790ABE6D9}.Debug|Any CPU.ActiveCfg = Debug|Any CPU
		{144699EC-D1BB-458D-BF3C-071790ABE6D9}.Debug|Any CPU.Build.0 = Debug|Any CPU
		{144699EC-D1BB-458D-BF3C-071790ABE6D9}.Release|Any CPU.ActiveCfg = Release|Any CPU
		{144699EC-D1BB-458D-BF3C-071790ABE6D9}.Release|Any CPU.Build.0 = Release|Any CPU
		{2812D6E5-2391-4759-8F07-99A9D658CE55}.Debug|Any CPU.ActiveCfg = Debug|Any CPU
		{2812D6E5-2391-4759-8F07-99A9D658CE55}.Debug|Any CPU.Build.0 = Debug|Any CPU
		{2812D6E5-2391-4759-8F07-99A9D658CE55}.Release|Any CPU.ActiveCfg = Release|Any CPU
		{2812D6E5-2391-4759-8F07-99A9D658CE55}.Release|Any CPU.Build.0 = Release|Any CPU
		{13E535BC-FEF2-4BB6-BD04-4563973CF9B1}.Debug|Any CPU.ActiveCfg = Debug|Any CPU
		{13E535BC-FEF2-4BB6-BD04-4563973CF9B1}.Debug|Any CPU.Build.0 = Debug|Any CPU
		{13E535BC-FEF2-4BB6-BD04-4563973CF9B1}.Release|Any CPU.ActiveCfg = Release|Any CPU
		{13E535BC-FEF2-4BB6-BD04-4563973CF9B1}.Release|Any CPU.Build.0 = Release|Any CPU
		{6975504C-F2E5-475B-B7AA-508D05A01584}.Debug|Any CPU.ActiveCfg = Debug|Any CPU
		{6975504C-F2E5-475B-B7AA-508D05A01584}.Debug|Any CPU.Build.0 = Debug|Any CPU
		{6975504C-F2E5-475B-B7AA-508D05A01584}.Release|Any CPU.ActiveCfg = Release|Any CPU
		{6975504C-F2E5-475B-B7AA-508D05A01584}.Release|Any CPU.Build.0 = Release|Any CPU
		{9DEE60E5-7546-449A-8228-346ED3A3B14B}.Debug|Any CPU.ActiveCfg = Debug|Any CPU
		{9DEE60E5-7546-449A-8228-346ED3A3B14B}.Debug|Any CPU.Build.0 = Debug|Any CPU
		{9DEE60E5-7546-449A-8228-346ED3A3B14B}.Release|Any CPU.ActiveCfg = Release|Any CPU
		{9DEE60E5-7546-449A-8228-346ED3A3B14B}.Release|Any CPU.Build.0 = Release|Any CPU
		{438FA6BE-B86B-4E4F-9857-CE1992FEE47A}.Debug|Any CPU.ActiveCfg = Debug|Any CPU
		{438FA6BE-B86B-4E4F-9857-CE1992FEE47A}.Debug|Any CPU.Build.0 = Debug|Any CPU
		{438FA6BE-B86B-4E4F-9857-CE1992FEE47A}.Release|Any CPU.ActiveCfg = Release|Any CPU
		{438FA6BE-B86B-4E4F-9857-CE1992FEE47A}.Release|Any CPU.Build.0 = Release|Any CPU
		{45B16A1A-523D-4691-9F91-5BB1E1D5F7C7}.Debug|Any CPU.ActiveCfg = Debug|Any CPU
		{45B16A1A-523D-4691-9F91-5BB1E1D5F7C7}.Debug|Any CPU.Build.0 = Debug|Any CPU
		{45B16A1A-523D-4691-9F91-5BB1E1D5F7C7}.Release|Any CPU.ActiveCfg = Release|Any CPU
		{45B16A1A-523D-4691-9F91-5BB1E1D5F7C7}.Release|Any CPU.Build.0 = Release|Any CPU
		{79BEC32E-47F0-4CE8-B282-3D9CBDFCE5ED}.Debug|Any CPU.ActiveCfg = Debug|Any CPU
		{79BEC32E-47F0-4CE8-B282-3D9CBDFCE5ED}.Debug|Any CPU.Build.0 = Debug|Any CPU
		{79BEC32E-47F0-4CE8-B282-3D9CBDFCE5ED}.Release|Any CPU.ActiveCfg = Release|Any CPU
		{79BEC32E-47F0-4CE8-B282-3D9CBDFCE5ED}.Release|Any CPU.Build.0 = Release|Any CPU
		{85FE736F-5FDB-47F3-B7DF-4FD66723534A}.Debug|Any CPU.ActiveCfg = Debug|Any CPU
		{85FE736F-5FDB-47F3-B7DF-4FD66723534A}.Debug|Any CPU.Build.0 = Debug|Any CPU
		{85FE736F-5FDB-47F3-B7DF-4FD66723534A}.Release|Any CPU.ActiveCfg = Release|Any CPU
		{85FE736F-5FDB-47F3-B7DF-4FD66723534A}.Release|Any CPU.Build.0 = Release|Any CPU
		{8CE3393C-774C-4CFE-84D4-0BDFD8551668}.Debug|Any CPU.ActiveCfg = Debug|Any CPU
		{8CE3393C-774C-4CFE-84D4-0BDFD8551668}.Debug|Any CPU.Build.0 = Debug|Any CPU
		{8CE3393C-774C-4CFE-84D4-0BDFD8551668}.Release|Any CPU.ActiveCfg = Release|Any CPU
		{8CE3393C-774C-4CFE-84D4-0BDFD8551668}.Release|Any CPU.Build.0 = Release|Any CPU
		{765883E2-E55E-4916-9F3E-914E2AFE12D0}.Debug|Any CPU.ActiveCfg = Debug|Any CPU
		{765883E2-E55E-4916-9F3E-914E2AFE12D0}.Debug|Any CPU.Build.0 = Debug|Any CPU
		{765883E2-E55E-4916-9F3E-914E2AFE12D0}.Release|Any CPU.ActiveCfg = Release|Any CPU
		{765883E2-E55E-4916-9F3E-914E2AFE12D0}.Release|Any CPU.Build.0 = Release|Any CPU
		{A693CF56-1D3C-4746-8C1C-0E188A429C27}.Debug|Any CPU.ActiveCfg = Debug|Any CPU
		{A693CF56-1D3C-4746-8C1C-0E188A429C27}.Debug|Any CPU.Build.0 = Debug|Any CPU
		{A693CF56-1D3C-4746-8C1C-0E188A429C27}.Release|Any CPU.ActiveCfg = Release|Any CPU
		{A693CF56-1D3C-4746-8C1C-0E188A429C27}.Release|Any CPU.Build.0 = Release|Any CPU
		{85BE9FBD-BEC7-45E6-A19E-7B5A6B1041B6}.Debug|Any CPU.ActiveCfg = Debug|Any CPU
		{85BE9FBD-BEC7-45E6-A19E-7B5A6B1041B6}.Debug|Any CPU.Build.0 = Debug|Any CPU
		{85BE9FBD-BEC7-45E6-A19E-7B5A6B1041B6}.Release|Any CPU.ActiveCfg = Release|Any CPU
		{85BE9FBD-BEC7-45E6-A19E-7B5A6B1041B6}.Release|Any CPU.Build.0 = Release|Any CPU
		{A7065040-CCFA-470D-B345-639C19E76427}.Debug|Any CPU.ActiveCfg = Debug|Any CPU
		{A7065040-CCFA-470D-B345-639C19E76427}.Debug|Any CPU.Build.0 = Debug|Any CPU
		{A7065040-CCFA-470D-B345-639C19E76427}.Release|Any CPU.ActiveCfg = Release|Any CPU
		{A7065040-CCFA-470D-B345-639C19E76427}.Release|Any CPU.Build.0 = Release|Any CPU
		{6623DAC0-6E2F-4022-BD65-1712C09EED20}.Debug|Any CPU.ActiveCfg = Debug|Any CPU
		{6623DAC0-6E2F-4022-BD65-1712C09EED20}.Debug|Any CPU.Build.0 = Debug|Any CPU
		{6623DAC0-6E2F-4022-BD65-1712C09EED20}.Release|Any CPU.ActiveCfg = Release|Any CPU
		{6623DAC0-6E2F-4022-BD65-1712C09EED20}.Release|Any CPU.Build.0 = Release|Any CPU
		{427AB5F7-D44C-4C06-AA28-F4751008B227}.Debug|Any CPU.ActiveCfg = Debug|Any CPU
		{427AB5F7-D44C-4C06-AA28-F4751008B227}.Debug|Any CPU.Build.0 = Debug|Any CPU
		{427AB5F7-D44C-4C06-AA28-F4751008B227}.Release|Any CPU.ActiveCfg = Release|Any CPU
		{427AB5F7-D44C-4C06-AA28-F4751008B227}.Release|Any CPU.Build.0 = Release|Any CPU
		{A3FCC207-2EE4-40E3-8D61-D3E67F64F72D}.Debug|Any CPU.ActiveCfg = Debug|Any CPU
		{A3FCC207-2EE4-40E3-8D61-D3E67F64F72D}.Debug|Any CPU.Build.0 = Debug|Any CPU
		{A3FCC207-2EE4-40E3-8D61-D3E67F64F72D}.Release|Any CPU.ActiveCfg = Release|Any CPU
		{A3FCC207-2EE4-40E3-8D61-D3E67F64F72D}.Release|Any CPU.Build.0 = Release|Any CPU
		{9DDBF319-DBED-412B-9C1B-1A6956BB7F3C}.Debug|Any CPU.ActiveCfg = Debug|Any CPU
		{9DDBF319-DBED-412B-9C1B-1A6956BB7F3C}.Debug|Any CPU.Build.0 = Debug|Any CPU
		{9DDBF319-DBED-412B-9C1B-1A6956BB7F3C}.Release|Any CPU.ActiveCfg = Release|Any CPU
		{9DDBF319-DBED-412B-9C1B-1A6956BB7F3C}.Release|Any CPU.Build.0 = Release|Any CPU
	EndGlobalSection
	GlobalSection(SolutionProperties) = preSolution
		HideSolutionNode = FALSE
	EndGlobalSection
	GlobalSection(ExtensibilityGlobals) = postSolution
		SolutionGuid = {08BD0615-B06B-44C3-ADA8-DD5A4B182D39}
	EndGlobalSection
EndGlobal
